# This file is autogenerated, do not edit; changes may be undone by the next 'dep ensure'.


[[projects]]
  branch = "master"
  name = "github.com/BurntSushi/xgb"
  packages = [
    ".",
    "randr",
    "render",
    "xinerama",
    "xproto"
  ]
  revision = "27f122750802c950b2c869a5b63dafcf590ced95"

[[projects]]
  branch = "master"
  name = "github.com/BurntSushi/xgbutil"
  packages = [
    ".",
    "xprop"
  ]
  revision = "f7c97cef3b4e6c88280a5a7091c3314e815ca243"

[[projects]]
  name = "github.com/coreos/bbolt"
  packages = ["."]
  revision = "583e8937c61f1af6513608ccc75c97b6abdf4ff9"
  version = "v1.3.0"

[[projects]]
  name = "github.com/davecgh/go-spew"
  packages = ["spew"]
  revision = "346938d642f2ec3594ed81d874461961cd0faa76"
  version = "v1.1.0"

[[projects]]
  name = "github.com/pmezard/go-difflib"
  packages = ["difflib"]
  revision = "792786c7400a136282c1664665ae0a8db921c6c2"
  version = "v1.0.0"

[[projects]]
  name = "github.com/stretchr/testify"
  packages = ["assert"]
  revision = "f35b8ab0b5a2cef36673838d662e249dd9c94686"
  version = "v1.2.2"

[[projects]]
  name = "go.i3wm.org/i3"
  packages = ["."]
  revision = "890d407a1a6abb06738c7a960277e3e39d4cfc29"
  version = "4.14.1"

[[projects]]
  name = "go.uber.org/atomic"
  packages = ["."]
  revision = "1ea20fb1cbb1cc08cbd0d913a96dead89aa18289"
  version = "v1.3.2"

[[projects]]
  name = "go.uber.org/multierr"
  packages = ["."]
  revision = "3c4937480c32f4c13a875a1829af76c98ca3d40a"
  version = "v1.1.0"

[[projects]]
  name = "go.uber.org/zap"
  packages = [
    ".",
    "buffer",
    "internal/bufferpool",
    "internal/color",
    "internal/exit",
    "zapcore"
  ]
  revision = "eeedf312bc6c57391d84767a4cd413f02a917974"
  version = "v1.8.0"

[[projects]]
  branch = "master"
  name = "golang.org/x/crypto"
  packages = ["ssh/terminal"]
  revision = "8ac0e0d97ce45cd83d1d7243c060cb8461dda5e9"

[[projects]]
  branch = "master"
  name = "golang.org/x/sys"
  packages = [
    "unix",
    "windows"
  ]
  revision = "bff228c7b664c5fce602223a05fb708fd8654986"

[solve-meta]
  analyzer-name = "dep"
  analyzer-version = 1
  inputs-digest = "d13971ee8d209236b3545123126b326f44439848a8fb62db03bfbd81ce3451e3"
  solver-name = "gps-cdcl"
  solver-version = 1
